// !$*UTF8*$!
{
	archiveVersion = 1;
	classes = {
	};
	objectVersion = 56;
	objects = {

/* Begin PBXBuildFile section */
		532D462F2AA958F0001EE59B /* AppDelegate.swift in Sources */ = {isa = PBXBuildFile; fileRef = 532D462E2AA958F0001EE59B /* AppDelegate.swift */; };
		532D46312AA958F0001EE59B /* SceneDelegate.swift in Sources */ = {isa = PBXBuildFile; fileRef = 532D46302AA958F0001EE59B /* SceneDelegate.swift */; };
		532D46332AA958F0001EE59B /* ViewController.swift in Sources */ = {isa = PBXBuildFile; fileRef = 532D46322AA958F0001EE59B /* ViewController.swift */; };
		532D46362AA958F0001EE59B /* Main.storyboard in Resources */ = {isa = PBXBuildFile; fileRef = 532D46342AA958F0001EE59B /* Main.storyboard */; };
		532D46382AA958F2001EE59B /* Assets.xcassets in Resources */ = {isa = PBXBuildFile; fileRef = 532D46372AA958F2001EE59B /* Assets.xcassets */; };
		532D463B2AA958F2001EE59B /* LaunchScreen.storyboard in Resources */ = {isa = PBXBuildFile; fileRef = 532D46392AA958F2001EE59B /* LaunchScreen.storyboard */; };
		532D46452AA95924001EE59B /* Guessing.m in Sources */ = {isa = PBXBuildFile; fileRef = 532D46442AA95924001EE59B /* Guessing.m */; };
		532D46472AA962FA001EE59B /* GuessingViewController.swift in Sources */ = {isa = PBXBuildFile; fileRef = 532D46462AA962FA001EE59B /* GuessingViewController.swift */; };
/* End PBXBuildFile section */

/* Begin PBXFileReference section */
		532D462B2AA958F0001EE59B /* Guessing2023-personal.app */ = {isa = PBXFileReference; explicitFileType = wrapper.application; includeInIndex = 0; path = "Guessing2023-personal.app"; sourceTree = BUILT_PRODUCTS_DIR; };
		532D462E2AA958F0001EE59B /* AppDelegate.swift */ = {isa = PBXFileReference; lastKnownFileType = sourcecode.swift; path = AppDelegate.swift; sourceTree = "<group>"; };
		532D46302AA958F0001EE59B /* SceneDelegate.swift */ = {isa = PBXFileReference; lastKnownFileType = sourcecode.swift; path = SceneDelegate.swift; sourceTree = "<group>"; };
		532D46322AA958F0001EE59B /* ViewController.swift */ = {isa = PBXFileReference; lastKnownFileType = sourcecode.swift; path = ViewController.swift; sourceTree = "<group>"; };
		532D46352AA958F0001EE59B /* Base */ = {isa = PBXFileReference; lastKnownFileType = file.storyboard; name = Base; path = Base.lproj/Main.storyboard; sourceTree = "<group>"; };
		532D46372AA958F2001EE59B /* Assets.xcassets */ = {isa = PBXFileReference; lastKnownFileType = folder.assetcatalog; path = Assets.xcassets; sourceTree = "<group>"; };
		532D463A2AA958F2001EE59B /* Base */ = {isa = PBXFileReference; lastKnownFileType = file.storyboard; name = Base; path = Base.lproj/LaunchScreen.storyboard; sourceTree = "<group>"; };
		532D463C2AA958F2001EE59B /* Info.plist */ = {isa = PBXFileReference; lastKnownFileType = text.plist.xml; path = Info.plist; sourceTree = "<group>"; };
		532D46422AA95923001EE59B /* Guessing2023-personal-Bridging-Header.h */ = {isa = PBXFileReference; lastKnownFileType = sourcecode.c.h; path = "Guessing2023-personal-Bridging-Header.h"; sourceTree = "<group>"; };
		532D46432AA95924001EE59B /* Guessing.h */ = {isa = PBXFileReference; lastKnownFileType = sourcecode.c.h; path = Guessing.h; sourceTree = "<group>"; };
		532D46442AA95924001EE59B /* Guessing.m */ = {isa = PBXFileReference; lastKnownFileType = sourcecode.c.objc; path = Guessing.m; sourceTree = "<group>"; };
		532D46462AA962FA001EE59B /* GuessingViewController.swift */ = {isa = PBXFileReference; lastKnownFileType = sourcecode.swift; path = GuessingViewController.swift; sourceTree = "<group>"; };
/* End PBXFileReference section */

/* Begin PBXFrameworksBuildPhase section */
		532D46282AA958F0001EE59B /* Frameworks */ = {
			isa = PBXFrameworksBuildPhase;
			buildActionMask = 2147483647;
			files = (
			);
			runOnlyForDeploymentPostprocessing = 0;
		};
/* End PBXFrameworksBuildPhase section */

/* Begin PBXGroup section */
		532D46222AA958F0001EE59B = {
			isa = PBXGroup;
			children = (
				532D46432AA95924001EE59B /* Guessing.h */,
				532D46442AA95924001EE59B /* Guessing.m */,
				532D462D2AA958F0001EE59B /* Guessing2023-personal */,
				532D462C2AA958F0001EE59B /* Products */,
				532D46422AA95923001EE59B /* Guessing2023-personal-Bridging-Header.h */,
			);
			sourceTree = "<group>";
		};
		532D462C2AA958F0001EE59B /* Products */ = {
			isa = PBXGroup;
			children = (
				532D462B2AA958F0001EE59B /* Guessing2023-personal.app */,
			);
			name = Products;
			sourceTree = "<group>";
		};
		532D462D2AA958F0001EE59B /* Guessing2023-personal */ = {
			isa = PBXGroup;
			children = (
				532D462E2AA958F0001EE59B /* AppDelegate.swift */,
				532D46302AA958F0001EE59B /* SceneDelegate.swift */,
				532D46322AA958F0001EE59B /* ViewController.swift */,
				532D46342AA958F0001EE59B /* Main.storyboard */,
				532D46462AA962FA001EE59B /* GuessingViewController.swift */,
				532D46372AA958F2001EE59B /* Assets.xcassets */,
				532D46392AA958F2001EE59B /* LaunchScreen.storyboard */,
				532D463C2AA958F2001EE59B /* Info.plist */,
			);
			path = "Guessing2023-personal";
			sourceTree = "<group>";
		};
/* End PBXGroup section */

/* Begin PBXNativeTarget section */
		532D462A2AA958F0001EE59B /* Guessing2023-personal */ = {
			isa = PBXNativeTarget;
			buildConfigurationList = 532D463F2AA958F2001EE59B /* Build configuration list for PBXNativeTarget "Guessing2023-personal" */;
			buildPhases = (
				532D46272AA958F0001EE59B /* Sources */,
				532D46282AA958F0001EE59B /* Frameworks */,
				532D46292AA958F0001EE59B /* Resources */,
			);
			buildRules = (
			);
			dependencies = (
			);
			name = "Guessing2023-personal";
			productName = "Guessing2023-personal";
			productReference = 532D462B2AA958F0001EE59B /* Guessing2023-personal.app */;
			productType = "com.apple.product-type.application";
		};
/* End PBXNativeTarget section */

/* Begin PBXProject section */
		532D46232AA958F0001EE59B /* Project object */ = {
			isa = PBXProject;
			attributes = {
				BuildIndependentTargetsInParallel = 1;
				LastSwiftUpdateCheck = 1420;
				LastUpgradeCheck = 1420;
				TargetAttributes = {
					532D462A2AA958F0001EE59B = {
						CreatedOnToolsVersion = 14.2;
						LastSwiftMigration = 1420;
					};
				};
			};
			buildConfigurationList = 532D46262AA958F0001EE59B /* Build configuration list for PBXProject "Guessing2023-personal" */;
			compatibilityVersion = "Xcode 14.0";
			developmentRegion = en;
			hasScannedForEncodings = 0;
			knownRegions = (
				en,
				Base,
			);
			mainGroup = 532D46222AA958F0001EE59B;
			productRefGroup = 532D462C2AA958F0001EE59B /* Products */;
			projectDirPath = "";
			projectRoot = "";
			targets = (
				532D462A2AA958F0001EE59B /* Guessing2023-personal */,
			);
		};
/* End PBXProject section */

/* Begin PBXResourcesBuildPhase section */
		532D46292AA958F0001EE59B /* Resources */ = {
			isa = PBXResourcesBuildPhase;
			buildActionMask = 2147483647;
			files = (
				532D463B2AA958F2001EE59B /* LaunchScreen.storyboard in Resources */,
				532D46382AA958F2001EE59B /* Assets.xcassets in Resources */,
				532D46362AA958F0001EE59B /* Main.storyboard in Resources */,
			);
			runOnlyForDeploymentPostprocessing = 0;
		};
/* End PBXResourcesBuildPhase section */

/* Begin PBXSourcesBuildPhase section */
		532D46272AA958F0001EE59B /* Sources */ = {
			isa = PBXSourcesBuildPhase;
			buildActionMask = 2147483647;
			files = (
				532D46472AA962FA001EE59B /* GuessingViewController.swift in Sources */,
				532D46332AA958F0001EE59B /* ViewController.swift in Sources */,
				532D462F2AA958F0001EE59B /* AppDelegate.swift in Sources */,
				532D46452AA95924001EE59B /* Guessing.m in Sources */,
				532D46312AA958F0001EE59B /* SceneDelegate.swift in Sources */,
			);
			runOnlyForDeploymentPostprocessing = 0;
		};
/* End PBXSourcesBuildPhase section */

/* Begin PBXVariantGroup section */
		532D46342AA958F0001EE59B /* Main.storyboard */ = {
			isa = PBXVariantGroup;
			children = (
				532D46352AA958F0001EE59B /* Base */,
			);
			name = Main.storyboard;
			sourceTree = "<group>";
		};
		532D46392AA958F2001EE59B /* LaunchScreen.storyboard */ = {
			isa = PBXVariantGroup;
			children = (
				532D463A2AA958F2001EE59B /* Base */,
			);
			name = LaunchScreen.storyboard;
			sourceTree = "<group>";
		};
/* End PBXVariantGroup section */

/* Begin XCBuildConfiguration section */
		532D463D2AA958F2001EE59B /* Debug */ = {
			isa = XCBuildConfiguration;
			buildSettings = {
				ALWAYS_SEARCH_USER_PATHS = NO;
				CLANG_ANALYZER_NONNULL = YES;
				CLANG_ANALYZER_NUMBER_OBJECT_CONVERSION = YES_AGGRESSIVE;
				CLANG_CXX_LANGUAGE_STANDARD = "gnu++20";
				CLANG_ENABLE_MODULES = YES;
				CLANG_ENABLE_OBJC_ARC = YES;
				CLANG_ENABLE_OBJC_WEAK = YES;
				CLANG_WARN_BLOCK_CAPTURE_AUTORELEASING = YES;
				CLANG_WARN_BOOL_CONVERSION = YES;
				CLANG_WARN_COMMA = YES;
				CLANG_WARN_CONSTANT_CONVERSION = YES;
				CLANG_WARN_DEPRECATED_OBJC_IMPLEMENTATIONS = YES;
				CLANG_WARN_DIRECT_OBJC_ISA_USAGE = YES_ERROR;
				CLANG_WARN_DOCUMENTATION_COMMENTS = YES;
				CLANG_WARN_EMPTY_BODY = YES;
				CLANG_WARN_ENUM_CONVERSION = YES;
				CLANG_WARN_INFINITE_RECURSION = YES;
				CLANG_WARN_INT_CONVERSION = YES;
				CLANG_WARN_NON_LITERAL_NULL_CONVERSION = YES;
				CLANG_WARN_OBJC_IMPLICIT_RETAIN_SELF = YES;
				CLANG_WARN_OBJC_LITERAL_CONVERSION = YES;
				CLANG_WARN_OBJC_ROOT_CLASS = YES_ERROR;
				CLANG_WARN_QUOTED_INCLUDE_IN_FRAMEWORK_HEADER = YES;
				CLANG_WARN_RANGE_LOOP_ANALYSIS = YES;
				CLANG_WARN_STRICT_PROTOTYPES = YES;
				CLANG_WARN_SUSPICIOUS_MOVE = YES;
				CLANG_WARN_UNGUARDED_AVAILABILITY = YES_AGGRESSIVE;
				CLANG_WARN_UNREACHABLE_CODE = YES;
				CLANG_WARN__DUPLICATE_METHOD_MATCH = YES;
				COPY_PHASE_STRIP = NO;
				DEBUG_INFORMATION_FORMAT = dwarf;
				ENABLE_STRICT_OBJC_MSGSEND = YES;
				ENABLE_TESTABILITY = YES;
				GCC_C_LANGUAGE_STANDARD = gnu11;
				GCC_DYNAMIC_NO_PIC = NO;
				GCC_NO_COMMON_BLOCKS = YES;
				GCC_OPTIMIZATION_LEVEL = 0;
				GCC_PREPROCESSOR_DEFINITIONS = (
					"DEBUG=1",
					"$(inherited)",
				);
				GCC_WARN_64_TO_32_BIT_CONVERSION = YES;
				GCC_WARN_ABOUT_RETURN_TYPE = YES_ERROR;
				GCC_WARN_UNDECLARED_SELECTOR = YES;
				GCC_WARN_UNINITIALIZED_AUTOS = YES_AGGRESSIVE;
				GCC_WARN_UNUSED_FUNCTION = YES;
				GCC_WARN_UNUSED_VARIABLE = YES;
				IPHONEOS_DEPLOYMENT_TARGET = 16.2;
				MTL_ENABLE_DEBUG_INFO = INCLUDE_SOURCE;
				MTL_FAST_MATH = YES;
				ONLY_ACTIVE_ARCH = YES;
				SDKROOT = iphoneos;
				SWIFT_ACTIVE_COMPILATION_CONDITIONS = DEBUG;
				SWIFT_OPTIMIZATION_LEVEL = "-Onone";
			};
			name = Debug;
		};
		532D463E2AA958F2001EE59B /* Release */ = {
			isa = XCBuildConfiguration;
			buildSettings = {
				ALWAYS_SEARCH_USER_PATHS = NO;
				CLANG_ANALYZER_NONNULL = YES;
				CLANG_ANALYZER_NUMBER_OBJECT_CONVERSION = YES_AGGRESSIVE;
				CLANG_CXX_LANGUAGE_STANDARD = "gnu++20";
				CLANG_ENABLE_MODULES = YES;
				CLANG_ENABLE_OBJC_ARC = YES;
				CLANG_ENABLE_OBJC_WEAK = YES;
				CLANG_WARN_BLOCK_CAPTURE_AUTORELEASING = YES;
				CLANG_WARN_BOOL_CONVERSION = YES;
				CLANG_WARN_COMMA = YES;
				CLANG_WARN_CONSTANT_CONVERSION = YES;
				CLANG_WARN_DEPRECATED_OBJC_IMPLEMENTATIONS = YES;
				CLANG_WARN_DIRECT_OBJC_ISA_USAGE = YES_ERROR;
				CLANG_WARN_DOCUMENTATION_COMMENTS = YES;
				CLANG_WARN_EMPTY_BODY = YES;
				CLANG_WARN_ENUM_CONVERSION = YES;
				CLANG_WARN_INFINITE_RECURSION = YES;
				CLANG_WARN_INT_CONVERSION = YES;
				CLANG_WARN_NON_LITERAL_NULL_CONVERSION = YES;
				CLANG_WARN_OBJC_IMPLICIT_RETAIN_SELF = YES;
				CLANG_WARN_OBJC_LITERAL_CONVERSION = YES;
				CLANG_WARN_OBJC_ROOT_CLASS = YES_ERROR;
				CLANG_WARN_QUOTED_INCLUDE_IN_FRAMEWORK_HEADER = YES;
				CLANG_WARN_RANGE_LOOP_ANALYSIS = YES;
				CLANG_WARN_STRICT_PROTOTYPES = YES;
				CLANG_WARN_SUSPICIOUS_MOVE = YES;
				CLANG_WARN_UNGUARDED_AVAILABILITY = YES_AGGRESSIVE;
				CLANG_WARN_UNREACHABLE_CODE = YES;
				CLANG_WARN__DUPLICATE_METHOD_MATCH = YES;
				COPY_PHASE_STRIP = NO;
				DEBUG_INFORMATION_FORMAT = "dwarf-with-dsym";
				ENABLE_NS_ASSERTIONS = NO;
				ENABLE_STRICT_OBJC_MSGSEND = YES;
				GCC_C_LANGUAGE_STANDARD = gnu11;
				GCC_NO_COMMON_BLOCKS = YES;
				GCC_WARN_64_TO_32_BIT_CONVERSION = YES;
				GCC_WARN_ABOUT_RETURN_TYPE = YES_ERROR;
				GCC_WARN_UNDECLARED_SELECTOR = YES;
				GCC_WARN_UNINITIALIZED_AUTOS = YES_AGGRESSIVE;
				GCC_WARN_UNUSED_FUNCTION = YES;
				GCC_WARN_UNUSED_VARIABLE = YES;
				IPHONEOS_DEPLOYMENT_TARGET = 16.2;
				MTL_ENABLE_DEBUG_INFO = NO;
				MTL_FAST_MATH = YES;
				SDKROOT = iphoneos;
				SWIFT_COMPILATION_MODE = wholemodule;
				SWIFT_OPTIMIZATION_LEVEL = "-O";
				VALIDATE_PRODUCT = YES;
			};
			name = Release;
		};
		532D46402AA958F2001EE59B /* Debug */ = {
			isa = XCBuildConfiguration;
			buildSettings = {
				ASSETCATALOG_COMPILER_APPICON_NAME = AppIcon;
				ASSETCATALOG_COMPILER_GLOBAL_ACCENT_COLOR_NAME = AccentColor;
				CLANG_ENABLE_MODULES = YES;
				CODE_SIGN_STYLE = Automatic;
				CURRENT_PROJECT_VERSION = 1;
				DEVELOPMENT_TEAM = F69WJ27LN4;
				GENERATE_INFOPLIST_FILE = YES;
				INFOPLIST_FILE = "Guessing2023-personal/Info.plist";
				INFOPLIST_KEY_CFBundleDisplayName = "Guessing Game";
				INFOPLIST_KEY_LSApplicationCategoryType = "public.app-category.education";
				INFOPLIST_KEY_UIApplicationSupportsIndirectInputEvents = YES;
				INFOPLIST_KEY_UILaunchStoryboardName = LaunchScreen;
				INFOPLIST_KEY_UIMainStoryboardFile = Main;
				INFOPLIST_KEY_UISupportedInterfaceOrientations_iPad = "UIInterfaceOrientationPortrait UIInterfaceOrientationPortraitUpsideDown UIInterfaceOrientationLandscapeLeft UIInterfaceOrientationLandscapeRight";
				INFOPLIST_KEY_UISupportedInterfaceOrientations_iPhone = "UIInterfaceOrientationPortrait UIInterfaceOrientationLandscapeLeft UIInterfaceOrientationLandscapeRight";
				LD_RUNPATH_SEARCH_PATHS = (
					"$(inherited)",
					"@executable_path/Frameworks",
				);
				MARKETING_VERSION = 1.0;
				PRODUCT_BUNDLE_IDENTIFIER = "CS5323.Guessing2023-personal";
				PRODUCT_NAME = "$(TARGET_NAME)";
				SWIFT_EMIT_LOC_STRINGS = YES;
				SWIFT_OBJC_BRIDGING_HEADER = "Guessing2023-personal-Bridging-Header.h";
				SWIFT_OPTIMIZATION_LEVEL = "-Onone";
				SWIFT_VERSION = 5.0;
				TARGETED_DEVICE_FAMILY = "1,2";
			};
			name = Debug;
		};
		532D46412AA958F2001EE59B /* Release */ = {
			isa = XCBuildConfiguration;
			buildSettings = {
				ASSETCATALOG_COMPILER_APPICON_NAME = AppIcon;
				ASSETCATALOG_COMPILER_GLOBAL_ACCENT_COLOR_NAME = AccentColor;
				CLANG_ENABLE_MODULES = YES;
				CODE_SIGN_STYLE = Automatic;
				CURRENT_PROJECT_VERSION = 1;
				DEVELOPMENT_TEAM = F69WJ27LN4;
				GENERATE_INFOPLIST_FILE = YES;
				INFOPLIST_FILE = "Guessing2023-personal/Info.plist";
				INFOPLIST_KEY_CFBundleDisplayName = "Guessing Game";
				INFOPLIST_KEY_LSApplicationCategoryType = "public.app-category.education";
				INFOPLIST_KEY_UIApplicationSupportsIndirectInputEvents = YES;
				INFOPLIST_KEY_UILaunchStoryboardName = LaunchScreen;
				INFOPLIST_KEY_UIMainStoryboardFile = Main;
				INFOPLIST_KEY_UISupportedInterfaceOrientations_iPad = "UIInterfaceOrientationPortrait UIInterfaceOrientationPortraitUpsideDown UIInterfaceOrientationLandscapeLeft UIInterfaceOrientationLandscapeRight";
				INFOPLIST_KEY_UISupportedInterfaceOrientations_iPhone = "UIInterfaceOrientationPortrait UIInterfaceOrientationLandscapeLeft UIInterfaceOrientationLandscapeRight";
				LD_RUNPATH_SEARCH_PATHS = (
					"$(inherited)",
					"@executable_path/Frameworks",
				);
				MARKETING_VERSION = 1.0;
				PRODUCT_BUNDLE_IDENTIFIER = "CS5323.Guessing2023-personal";
				PRODUCT_NAME = "$(TARGET_NAME)";
				SWIFT_EMIT_LOC_STRINGS = YES;
				SWIFT_OBJC_BRIDGING_HEADER = "Guessing2023-personal-Bridging-Header.h";
				SWIFT_VERSION = 5.0;
				TARGETED_DEVICE_FAMILY = "1,2";
			};
			name = Release;
		};
/* End XCBuildConfiguration section */

/* Begin XCConfigurationList section */
		532D46262AA958F0001EE59B /* Build configuration list for PBXProject "Guessing2023-personal" */ = {
			isa = XCConfigurationList;
			buildConfigurations = (
				532D463D2AA958F2001EE59B /* Debug */,
				532D463E2AA958F2001EE59B /* Release */,
			);
			defaultConfigurationIsVisible = 0;
			defaultConfigurationName = Release;
		};
		532D463F2AA958F2001EE59B /* Build configuration list for PBXNativeTarget "Guessing2023-personal" */ = {
			isa = XCConfigurationList;
			buildConfigurations = (
				532D46402AA958F2001EE59B /* Debug */,
				532D46412AA958F2001EE59B /* Release */,
			);
			defaultConfigurationIsVisible = 0;
			defaultConfigurationName = Release;
		};
/* End XCConfigurationList section */
	};
	rootObject = 532D46232AA958F0001EE59B /* Project object */;
}
